// !$*UTF8*$!
{
	archiveVersion = 1;
	classes = {
	};
	objectVersion = 77;
	objects = {

/* Begin PBXContainerItemProxy section */
		26BC80902E5CFAEA0093B3B5 /* PBXContainerItemProxy */ = {
			isa = PBXContainerItemProxy;
			containerPortal = 26BC807A2E5CFAE80093B3B5 /* Project object */;
			proxyType = 1;
			remoteGlobalIDString = 26BC80812E5CFAE80093B3B5;
			remoteInfo = DiabeticsSmartSock;
		};
		26BC809A2E5CFAEA0093B3B5 /* PBXContainerItemProxy */ = {
			isa = PBXContainerItemProxy;
			containerPortal = 26BC807A2E5CFAE80093B3B5 /* Project object */;
			proxyType = 1;
			remoteGlobalIDString = 26BC80812E5CFAE80093B3B5;
			remoteInfo = DiabeticsSmartSock;
		};
/* End PBXContainerItemProxy section */

/* Begin PBXFileReference section */
		26BC80822E5CFAE80093B3B5 /* DiabeticsSmartSock.app */ = {isa = PBXFileReference; explicitFileType = wrapper.application; includeInIndex = 0; path = DiabeticsSmartSock.app; sourceTree = BUILT_PRODUCTS_DIR; };
		26BC808F2E5CFAEA0093B3B5 /* DiabeticsSmartSockTests.xctest */ = {isa = PBXFileReference; explicitFileType = wrapper.cfbundle; includeInIndex = 0; path = DiabeticsSmartSockTests.xctest; sourceTree = BUILT_PRODUCTS_DIR; };
		26BC80992E5CFAEA0093B3B5 /* DiabeticsSmartSockUITests.xctest */ = {isa = PBXFileReference; explicitFileType = wrapper.cfbundle; includeInIndex = 0; path = DiabeticsSmartSockUITests.xctest; sourceTree = BUILT_PRODUCTS_DIR; };
/* End PBXFileReference section */

/* Begin PBXFileSystemSynchronizedRootGroup section */
		26BC80842E5CFAE80093B3B5 /* DiabeticsSmartSock */ = {
			isa = PBXFileSystemSynchronizedRootGroup;
			path = DiabeticsSmartSock;
			sourceTree = "<group>";
		};
		26BC80922E5CFAEA0093B3B5 /* DiabeticsSmartSockTests */ = {
			isa = PBXFileSystemSynchronizedRootGroup;
			path = DiabeticsSmartSockTests;
			sourceTree = "<group>";
		};
		26BC809C2E5CFAEA0093B3B5 /* DiabeticsSmartSockUITests */ = {
			isa = PBXFileSystemSynchronizedRootGroup;
			path = DiabeticsSmartSockUITests;
			sourceTree = "<group>";
		};
/* End PBXFileSystemSynchronizedRootGroup section */

/* Begin PBXFrameworksBuildPhase section */
		26BC807F2E5CFAE80093B3B5 /* Frameworks */ = {
			isa = PBXFrameworksBuildPhase;
			buildActionMask = 2147483647;
			files = (
			);
			runOnlyForDeploymentPostprocessing = 0;
		};
		26BC808C2E5CFAEA0093B3B5 /* Frameworks */ = {
			isa = PBXFrameworksBuildPhase;
			buildActionMask = 2147483647;
			files = (
			);
			runOnlyForDeploymentPostprocessing = 0;
		};
		26BC80962E5CFAEA0093B3B5 /* Frameworks */ = {
			isa = PBXFrameworksBuildPhase;
			buildActionMask = 2147483647;
			files = (
			);
			runOnlyForDeploymentPostprocessing = 0;
		};
/* End PBXFrameworksBuildPhase section */

/* Begin PBXGroup section */
		26BC80792E5CFAE80093B3B5 = {
			isa = PBXGroup;
			children = (
				26BC80842E5CFAE80093B3B5 /* DiabeticsSmartSock */,
				26BC80922E5CFAEA0093B3B5 /* DiabeticsSmartSockTests */,
				26BC809C2E5CFAEA0093B3B5 /* DiabeticsSmartSockUITests */,
				26BC80832E5CFAE80093B3B5 /* Products */,
			);
			sourceTree = "<group>";
		};
		26BC80832E5CFAE80093B3B5 /* Products */ = {
			isa = PBXGroup;
			children = (
				26BC80822E5CFAE80093B3B5 /* DiabeticsSmartSock.app */,
				26BC808F2E5CFAEA0093B3B5 /* DiabeticsSmartSockTests.xctest */,
				26BC80992E5CFAEA0093B3B5 /* DiabeticsSmartSockUITests.xctest */,
			);
			name = Products;
			sourceTree = "<group>";
		};
/* End PBXGroup section */

/* Begin PBXNativeTarget section */
		26BC80812E5CFAE80093B3B5 /* DiabeticsSmartSock */ = {
			isa = PBXNativeTarget;
			buildConfigurationList = 26BC80A32E5CFAEA0093B3B5 /* Build configuration list for PBXNativeTarget "DiabeticsSmartSock" */;
			buildPhases = (
				26BC807E2E5CFAE80093B3B5 /* Sources */,
				26BC807F2E5CFAE80093B3B5 /* Frameworks */,
				26BC80802E5CFAE80093B3B5 /* Resources */,
			);
			buildRules = (
			);
			dependencies = (
			);
			fileSystemSynchronizedGroups = (
				26BC80842E5CFAE80093B3B5 /* DiabeticsSmartSock */,
			);
			name = DiabeticsSmartSock;
			packageProductDependencies = (
			);
			productName = DiabeticsSmartSock;
			productReference = 26BC80822E5CFAE80093B3B5 /* DiabeticsSmartSock.app */;
			productType = "com.apple.product-type.application";
		};
		26BC808E2E5CFAEA0093B3B5 /* DiabeticsSmartSockTests */ = {
			isa = PBXNativeTarget;
			buildConfigurationList = 26BC80A62E5CFAEA0093B3B5 /* Build configuration list for PBXNativeTarget "DiabeticsSmartSockTests" */;
			buildPhases = (
				26BC808B2E5CFAEA0093B3B5 /* Sources */,
				26BC808C2E5CFAEA0093B3B5 /* Frameworks */,
				26BC808D2E5CFAEA0093B3B5 /* Resources */,
			);
			buildRules = (
			);
			dependencies = (
				26BC80912E5CFAEA0093B3B5 /* PBXTargetDependency */,
			);
			fileSystemSynchronizedGroups = (
				26BC80922E5CFAEA0093B3B5 /* DiabeticsSmartSockTests */,
			);
			name = DiabeticsSmartSockTests;
			packageProductDependencies = (
			);
			productName = DiabeticsSmartSockTests;
			productReference = 26BC808F2E5CFAEA0093B3B5 /* DiabeticsSmartSockTests.xctest */;
			productType = "com.apple.product-type.bundle.unit-test";
		};
		26BC80982E5CFAEA0093B3B5 /* DiabeticsSmartSockUITests */ = {
			isa = PBXNativeTarget;
			buildConfigurationList = 26BC80A92E5CFAEA0093B3B5 /* Build configuration list for PBXNativeTarget "DiabeticsSmartSockUITests" */;
			buildPhases = (
				26BC80952E5CFAEA0093B3B5 /* Sources */,
				26BC80962E5CFAEA0093B3B5 /* Frameworks */,
				26BC80972E5CFAEA0093B3B5 /* Resources */,
			);
			buildRules = (
			);
			dependencies = (
				26BC809B2E5CFAEA0093B3B5 /* PBXTargetDependency */,
			);
			fileSystemSynchronizedGroups = (
				26BC809C2E5CFAEA0093B3B5 /* DiabeticsSmartSockUITests */,
			);
			name = DiabeticsSmartSockUITests;
			packageProductDependencies = (
			);
			productName = DiabeticsSmartSockUITests;
			productReference = 26BC80992E5CFAEA0093B3B5 /* DiabeticsSmartSockUITests.xctest */;
			productType = "com.apple.product-type.bundle.ui-testing";
		};
/* End PBXNativeTarget section */

/* Begin PBXProject section */
		26BC807A2E5CFAE80093B3B5 /* Project object */ = {
			isa = PBXProject;
			attributes = {
				BuildIndependentTargetsInParallel = 1;
				LastSwiftUpdateCheck = 1640;
				LastUpgradeCheck = 1640;
				TargetAttributes = {
					26BC80812E5CFAE80093B3B5 = {
						CreatedOnToolsVersion = 16.4;
					};
					26BC808E2E5CFAEA0093B3B5 = {
						CreatedOnToolsVersion = 16.4;
						TestTargetID = 26BC80812E5CFAE80093B3B5;
					};
					26BC80982E5CFAEA0093B3B5 = {
						CreatedOnToolsVersion = 16.4;
						TestTargetID = 26BC80812E5CFAE80093B3B5;
					};
				};
			};
			buildConfigurationList = 26BC807D2E5CFAE80093B3B5 /* Build configuration list for PBXProject "DiabeticsSmartSock" */;
			developmentRegion = en;
			hasScannedForEncodings = 0;
			knownRegions = (
				en,
				Base,
			);
			mainGroup = 26BC80792E5CFAE80093B3B5;
			minimizedProjectReferenceProxies = 1;
			preferredProjectObjectVersion = 77;
			productRefGroup = 26BC80832E5CFAE80093B3B5 /* Products */;
			projectDirPath = "";
			projectRoot = "";
			targets = (
				26BC80812E5CFAE80093B3B5 /* DiabeticsSmartSock */,
				26BC808E2E5CFAEA0093B3B5 /* DiabeticsSmartSockTests */,
				26BC80982E5CFAEA0093B3B5 /* DiabeticsSmartSockUITests */,
			);
		};
/* End PBXProject section */

/* Begin PBXResourcesBuildPhase section */
		26BC80802E5CFAE80093B3B5 /* Resources */ = {
			isa = PBXResourcesBuildPhase;
			buildActionMask = 2147483647;
			files = (
			);
			runOnlyForDeploymentPostprocessing = 0;
		};
		26BC808D2E5CFAEA0093B3B5 /* Resources */ = {
			isa = PBXResourcesBuildPhase;
			buildActionMask = 2147483647;
			files = (
			);
			runOnlyForDeploymentPostprocessing = 0;
		};
		26BC80972E5CFAEA0093B3B5 /* Resources */ = {
			isa = PBXResourcesBuildPhase;
			buildActionMask = 2147483647;
			files = (
			);
			runOnlyForDeploymentPostprocessing = 0;
		};
/* End PBXResourcesBuildPhase section */

/* Begin PBXSourcesBuildPhase section */
		26BC807E2E5CFAE80093B3B5 /* Sources */ = {
			isa = PBXSourcesBuildPhase;
			buildActionMask = 2147483647;
			files = (
			);
			runOnlyForDeploymentPostprocessing = 0;
		};
		26BC808B2E5CFAEA0093B3B5 /* Sources */ = {
			isa = PBXSourcesBuildPhase;
			buildActionMask = 2147483647;
			files = (
			);
			runOnlyForDeploymentPostprocessing = 0;
		};
		26BC80952E5CFAEA0093B3B5 /* Sources */ = {
			isa = PBXSourcesBuildPhase;
			buildActionMask = 2147483647;
			files = (
			);
			runOnlyForDeploymentPostprocessing = 0;
		};
/* End PBXSourcesBuildPhase section */

/* Begin PBXTargetDependency section */
		26BC80912E5CFAEA0093B3B5 /* PBXTargetDependency */ = {
			isa = PBXTargetDependency;
			target = 26BC80812E5CFAE80093B3B5 /* DiabeticsSmartSock */;
			targetProxy = 26BC80902E5CFAEA0093B3B5 /* PBXContainerItemProxy */;
		};
		26BC809B2E5CFAEA0093B3B5 /* PBXTargetDependency */ = {
			isa = PBXTargetDependency;
			target = 26BC80812E5CFAE80093B3B5 /* DiabeticsSmartSock */;
			targetProxy = 26BC809A2E5CFAEA0093B3B5 /* PBXContainerItemProxy */;
		};
/* End PBXTargetDependency section */

/* Begin XCBuildConfiguration section */
		26BC80A12E5CFAEA0093B3B5 /* Debug */ = {
			isa = XCBuildConfiguration;
			buildSettings = {
				ALWAYS_SEARCH_USER_PATHS = NO;
				ASSETCATALOG_COMPILER_GENERATE_SWIFT_ASSET_SYMBOL_EXTENSIONS = YES;
				CLANG_ANALYZER_NONNULL = YES;
				CLANG_ANALYZER_NUMBER_OBJECT_CONVERSION = YES_AGGRESSIVE;
				CLANG_CXX_LANGUAGE_STANDARD = "gnu++20";
				CLANG_ENABLE_MODULES = YES;
				CLANG_ENABLE_OBJC_ARC = YES;
				CLANG_ENABLE_OBJC_WEAK = YES;
				CLANG_WARN_BLOCK_CAPTURE_AUTORELEASING = YES;
				CLANG_WARN_BOOL_CONVERSION = YES;
				CLANG_WARN_COMMA = YES;
				CLANG_WARN_CONSTANT_CONVERSION = YES;
				CLANG_WARN_DEPRECATED_OBJC_IMPLEMENTATIONS = YES;
				CLANG_WARN_DIRECT_OBJC_ISA_USAGE = YES_ERROR;
				CLANG_WARN_DOCUMENTATION_COMMENTS = YES;
				CLANG_WARN_EMPTY_BODY = YES;
				CLANG_WARN_ENUM_CONVERSION = YES;
				CLANG_WARN_INFINITE_RECURSION = YES;
				CLANG_WARN_INT_CONVERSION = YES;
				CLANG_WARN_NON_LITERAL_NULL_CONVERSION = YES;
				CLANG_WARN_OBJC_IMPLICIT_RETAIN_SELF = YES;
				CLANG_WARN_OBJC_LITERAL_CONVERSION = YES;
				CLANG_WARN_OBJC_ROOT_CLASS = YES_ERROR;
				CLANG_WARN_QUOTED_INCLUDE_IN_FRAMEWORK_HEADER = YES;
				CLANG_WARN_RANGE_LOOP_ANALYSIS = YES;
				CLANG_WARN_STRICT_PROTOTYPES = YES;
				CLANG_WARN_SUSPICIOUS_MOVE = YES;
				CLANG_WARN_UNGUARDED_AVAILABILITY = YES_AGGRESSIVE;
				CLANG_WARN_UNREACHABLE_CODE = YES;
				CLANG_WARN__DUPLICATE_METHOD_MATCH = YES;
				COPY_PHASE_STRIP = NO;
				DEBUG_INFORMATION_FORMAT = dwarf;
				DEVELOPMENT_TEAM = 444C68KQ5H;
				ENABLE_STRICT_OBJC_MSGSEND = YES;
				ENABLE_TESTABILITY = YES;
				ENABLE_USER_SCRIPT_SANDBOXING = YES;
				GCC_C_LANGUAGE_STANDARD = gnu17;
				GCC_DYNAMIC_NO_PIC = NO;
				GCC_NO_COMMON_BLOCKS = YES;
				GCC_OPTIMIZATION_LEVEL = 0;
				GCC_PREPROCESSOR_DEFINITIONS = (
					"DEBUG=1",
					"$(inherited)",
				);
				GCC_WARN_64_TO_32_BIT_CONVERSION = YES;
				GCC_WARN_ABOUT_RETURN_TYPE = YES_ERROR;
				GCC_WARN_UNDECLARED_SELECTOR = YES;
				GCC_WARN_UNINITIALIZED_AUTOS = YES_AGGRESSIVE;
				GCC_WARN_UNUSED_FUNCTION = YES;
				GCC_WARN_UNUSED_VARIABLE = YES;
				IPHONEOS_DEPLOYMENT_TARGET = 18.5;
				LOCALIZATION_PREFERS_STRING_CATALOGS = YES;
				MTL_ENABLE_DEBUG_INFO = INCLUDE_SOURCE;
				MTL_FAST_MATH = YES;
				ONLY_ACTIVE_ARCH = YES;
				SDKROOT = iphoneos;
				SWIFT_ACTIVE_COMPILATION_CONDITIONS = "DEBUG $(inherited)";
				SWIFT_OPTIMIZATION_LEVEL = "-Onone";
			};
			name = Debug;
		};
		26BC80A22E5CFAEA0093B3B5 /* Release */ = {
			isa = XCBuildConfiguration;
			buildSettings = {
				ALWAYS_SEARCH_USER_PATHS = NO;
				ASSETCATALOG_COMPILER_GENERATE_SWIFT_ASSET_SYMBOL_EXTENSIONS = YES;
				CLANG_ANALYZER_NONNULL = YES;
				CLANG_ANALYZER_NUMBER_OBJECT_CONVERSION = YES_AGGRESSIVE;
				CLANG_CXX_LANGUAGE_STANDARD = "gnu++20";
				CLANG_ENABLE_MODULES = YES;
				CLANG_ENABLE_OBJC_ARC = YES;
				CLANG_ENABLE_OBJC_WEAK = YES;
				CLANG_WARN_BLOCK_CAPTURE_AUTORELEASING = YES;
				CLANG_WARN_BOOL_CONVERSION = YES;
				CLANG_WARN_COMMA = YES;
				CLANG_WARN_CONSTANT_CONVERSION = YES;
				CLANG_WARN_DEPRECATED_OBJC_IMPLEMENTATIONS = YES;
				CLANG_WARN_DIRECT_OBJC_ISA_USAGE = YES_ERROR;
				CLANG_WARN_DOCUMENTATION_COMMENTS = YES;
				CLANG_WARN_EMPTY_BODY = YES;
				CLANG_WARN_ENUM_CONVERSION = YES;
				CLANG_WARN_INFINITE_RECURSION = YES;
				CLANG_WARN_INT_CONVERSION = YES;
				CLANG_WARN_NON_LITERAL_NULL_CONVERSION = YES;
				CLANG_WARN_OBJC_IMPLICIT_RETAIN_SELF = YES;
				CLANG_WARN_OBJC_LITERAL_CONVERSION = YES;
				CLANG_WARN_OBJC_ROOT_CLASS = YES_ERROR;
				CLANG_WARN_QUOTED_INCLUDE_IN_FRAMEWORK_HEADER = YES;
				CLANG_WARN_RANGE_LOOP_ANALYSIS = YES;
				CLANG_WARN_STRICT_PROTOTYPES = YES;
				CLANG_WARN_SUSPICIOUS_MOVE = YES;
				CLANG_WARN_UNGUARDED_AVAILABILITY = YES_AGGRESSIVE;
				CLANG_WARN_UNREACHABLE_CODE = YES;
				CLANG_WARN__DUPLICATE_METHOD_MATCH = YES;
				COPY_PHASE_STRIP = NO;
				DEBUG_INFORMATION_FORMAT = "dwarf-with-dsym";
				DEVELOPMENT_TEAM = 444C68KQ5H;
				ENABLE_NS_ASSERTIONS = NO;
				ENABLE_STRICT_OBJC_MSGSEND = YES;
				ENABLE_USER_SCRIPT_SANDBOXING = YES;
				GCC_C_LANGUAGE_STANDARD = gnu17;
				GCC_NO_COMMON_BLOCKS = YES;
				GCC_WARN_64_TO_32_BIT_CONVERSION = YES;
				GCC_WARN_ABOUT_RETURN_TYPE = YES_ERROR;
				GCC_WARN_UNDECLARED_SELECTOR = YES;
				GCC_WARN_UNINITIALIZED_AUTOS = YES_AGGRESSIVE;
				GCC_WARN_UNUSED_FUNCTION = YES;
				GCC_WARN_UNUSED_VARIABLE = YES;
				IPHONEOS_DEPLOYMENT_TARGET = 18.5;
				LOCALIZATION_PREFERS_STRING_CATALOGS = YES;
				MTL_ENABLE_DEBUG_INFO = NO;
				MTL_FAST_MATH = YES;
				SDKROOT = iphoneos;
				SWIFT_COMPILATION_MODE = wholemodule;
				VALIDATE_PRODUCT = YES;
			};
			name = Release;
		};
		26BC80A42E5CFAEA0093B3B5 /* Debug */ = {
			isa = XCBuildConfiguration;
			buildSettings = {
				ASSETCATALOG_COMPILER_APPICON_NAME = AppIcon;
				ASSETCATALOG_COMPILER_GLOBAL_ACCENT_COLOR_NAME = AccentColor;
				CODE_SIGN_STYLE = Automatic;
				CURRENT_PROJECT_VERSION = 1;
				DEVELOPMENT_TEAM = 444C68KQ5H;
				ENABLE_PREVIEWS = YES;
				GENERATE_INFOPLIST_FILE = YES;
				INFOPLIST_KEY_UIApplicationSceneManifest_Generation = YES;
				INFOPLIST_KEY_UIApplicationSupportsIndirectInputEvents = YES;
				INFOPLIST_KEY_UILaunchScreen_Generation = YES;
				INFOPLIST_KEY_UISupportedInterfaceOrientations_iPad = "UIInterfaceOrientationPortrait UIInterfaceOrientationPortraitUpsideDown UIInterfaceOrientationLandscapeLeft UIInterfaceOrientationLandscapeRight";
				INFOPLIST_KEY_UISupportedInterfaceOrientations_iPhone = "UIInterfaceOrientationPortrait UIInterfaceOrientationLandscapeLeft UIInterfaceOrientationLandscapeRight";
				IPHONEOS_DEPLOYMENT_TARGET = 16.6;
				LD_RUNPATH_SEARCH_PATHS = (
					"$(inherited)",
					"@executable_path/Frameworks",
				);
				MARKETING_VERSION = 1.0;
				PRODUCT_BUNDLE_IDENTIFIER = com.UjeshSakariya.DiabeticsSmartSock;
				PRODUCT_NAME = "$(TARGET_NAME)";
				SWIFT_EMIT_LOC_STRINGS = YES;
				SWIFT_VERSION = 5.0;
				TARGETED_DEVICE_FAMILY = "1,2";
			};
			name = Debug;
		};
		26BC80A52E5CFAEA0093B3B5 /* Release */ = {
			isa = XCBuildConfiguration;
			buildSettings = {
				ASSETCATALOG_COMPILER_APPICON_NAME = AppIcon;
				ASSETCATALOG_COMPILER_GLOBAL_ACCENT_COLOR_NAME = AccentColor;
				CODE_SIGN_STYLE = Automatic;
				CURRENT_PROJECT_VERSION = 1;
				DEVELOPMENT_TEAM = 444C68KQ5H;
				ENABLE_PREVIEWS = YES;
				GENERATE_INFOPLIST_FILE = YES;
				INFOPLIST_KEY_UIApplicationSceneManifest_Generation = YES;
				INFOPLIST_KEY_UIApplicationSupportsIndirectInputEvents = YES;
				INFOPLIST_KEY_UILaunchScreen_Generation = YES;
				INFOPLIST_KEY_UISupportedInterfaceOrientations_iPad = "UIInterfaceOrientationPortrait UIInterfaceOrientationPortraitUpsideDown UIInterfaceOrientationLandscapeLeft UIInterfaceOrientationLandscapeRight";
				INFOPLIST_KEY_UISupportedInterfaceOrientations_iPhone = "UIInterfaceOrientationPortrait UIInterfaceOrientationLandscapeLeft UIInterfaceOrientationLandscapeRight";
				IPHONEOS_DEPLOYMENT_TARGET = 16.6;
				LD_RUNPATH_SEARCH_PATHS = (
					"$(inherited)",
					"@executable_path/Frameworks",
				);
				MARKETING_VERSION = 1.0;
				PRODUCT_BUNDLE_IDENTIFIER = com.UjeshSakariya.DiabeticsSmartSock;
				PRODUCT_NAME = "$(TARGET_NAME)";
				SWIFT_EMIT_LOC_STRINGS = YES;
				SWIFT_VERSION = 5.0;
				TARGETED_DEVICE_FAMILY = "1,2";
			};
			name = Release;
		};
		26BC80A72E5CFAEA0093B3B5 /* Debug */ = {
			isa = XCBuildConfiguration;
			buildSettings = {
				BUNDLE_LOADER = "$(TEST_HOST)";
				CODE_SIGN_STYLE = Automatic;
				CURRENT_PROJECT_VERSION = 1;
				DEVELOPMENT_TEAM = 444C68KQ5H;
				GENERATE_INFOPLIST_FILE = YES;
				IPHONEOS_DEPLOYMENT_TARGET = 18.5;
				MARKETING_VERSION = 1.0;
				PRODUCT_BUNDLE_IDENTIFIER = com.UjeshSakariya.DiabeticsSmartSockTests;
				PRODUCT_NAME = "$(TARGET_NAME)";
				SWIFT_EMIT_LOC_STRINGS = NO;
				SWIFT_VERSION = 5.0;
				TARGETED_DEVICE_FAMILY = "1,2";
				TEST_HOST = "$(BUILT_PRODUCTS_DIR)/DiabeticsSmartSock.app/$(BUNDLE_EXECUTABLE_FOLDER_PATH)/DiabeticsSmartSock";
			};
			name = Debug;
		};
		26BC80A82E5CFAEA0093B3B5 /* Release */ = {
			isa = XCBuildConfiguration;
			buildSettings = {
				BUNDLE_LOADER = "$(TEST_HOST)";
				CODE_SIGN_STYLE = Automatic;
				CURRENT_PROJECT_VERSION = 1;
				DEVELOPMENT_TEAM = 444C68KQ5H;
				GENERATE_INFOPLIST_FILE = YES;
				IPHONEOS_DEPLOYMENT_TARGET = 18.5;
				MARKETING_VERSION = 1.0;
				PRODUCT_BUNDLE_IDENTIFIER = com.UjeshSakariya.DiabeticsSmartSockTests;
				PRODUCT_NAME = "$(TARGET_NAME)";
				SWIFT_EMIT_LOC_STRINGS = NO;
				SWIFT_VERSION = 5.0;
				TARGETED_DEVICE_FAMILY = "1,2";
				TEST_HOST = "$(BUILT_PRODUCTS_DIR)/DiabeticsSmartSock.app/$(BUNDLE_EXECUTABLE_FOLDER_PATH)/DiabeticsSmartSock";
			};
			name = Release;
		};
		26BC80AA2E5CFAEA0093B3B5 /* Debug */ = {
			isa = XCBuildConfiguration;
			buildSettings = {
				CODE_SIGN_STYLE = Automatic;
				CURRENT_PROJECT_VERSION = 1;
				DEVELOPMENT_TEAM = 444C68KQ5H;
				GENERATE_INFOPLIST_FILE = YES;
				MARKETING_VERSION = 1.0;
				PRODUCT_BUNDLE_IDENTIFIER = com.UjeshSakariya.DiabeticsSmartSockUITests;
				PRODUCT_NAME = "$(TARGET_NAME)";
				SWIFT_EMIT_LOC_STRINGS = NO;
				SWIFT_VERSION = 5.0;
				TARGETED_DEVICE_FAMILY = "1,2";
				TEST_TARGET_NAME = DiabeticsSmartSock;
			};
			name = Debug;
		};
		26BC80AB2E5CFAEA0093B3B5 /* Release */ = {
			isa = XCBuildConfiguration;
			buildSettings = {
				CODE_SIGN_STYLE = Automatic;
				CURRENT_PROJECT_VERSION = 1;
				DEVELOPMENT_TEAM = 444C68KQ5H;
				GENERATE_INFOPLIST_FILE = YES;
				MARKETING_VERSION = 1.0;
				PRODUCT_BUNDLE_IDENTIFIER = com.UjeshSakariya.DiabeticsSmartSockUITests;
				PRODUCT_NAME = "$(TARGET_NAME)";
				SWIFT_EMIT_LOC_STRINGS = NO;
				SWIFT_VERSION = 5.0;
				TARGETED_DEVICE_FAMILY = "1,2";
				TEST_TARGET_NAME = DiabeticsSmartSock;
			};
			name = Release;
		};
/* End XCBuildConfiguration section */

/* Begin XCConfigurationList section */
		26BC807D2E5CFAE80093B3B5 /* Build configuration list for PBXProject "DiabeticsSmartSock" */ = {
			isa = XCConfigurationList;
			buildConfigurations = (
				26BC80A12E5CFAEA0093B3B5 /* Debug */,
				26BC80A22E5CFAEA0093B3B5 /* Release */,
			);
			defaultConfigurationIsVisible = 0;
			defaultConfigurationName = Release;
		};
		26BC80A32E5CFAEA0093B3B5 /* Build configuration list for PBXNativeTarget "DiabeticsSmartSock" */ = {
			isa = XCConfigurationList;
			buildConfigurations = (
				26BC80A42E5CFAEA0093B3B5 /* Debug */,
				26BC80A52E5CFAEA0093B3B5 /* Release */,
			);
			defaultConfigurationIsVisible = 0;
			defaultConfigurationName = Release;
		};
		26BC80A62E5CFAEA0093B3B5 /* Build configuration list for PBXNativeTarget "DiabeticsSmartSockTests" */ = {
			isa = XCConfigurationList;
			buildConfigurations = (
				26BC80A72E5CFAEA0093B3B5 /* Debug */,
				26BC80A82E5CFAEA0093B3B5 /* Release */,
			);
			defaultConfigurationIsVisible = 0;
			defaultConfigurationName = Release;
		};
		26BC80A92E5CFAEA0093B3B5 /* Build configuration list for PBXNativeTarget "DiabeticsSmartSockUITests" */ = {
			isa = XCConfigurationList;
			buildConfigurations = (
				26BC80AA2E5CFAEA0093B3B5 /* Debug */,
				26BC80AB2E5CFAEA0093B3B5 /* Release */,
			);
			defaultConfigurationIsVisible = 0;
			defaultConfigurationName = Release;
		};
/* End XCConfigurationList section */
	};
	rootObject = 26BC807A2E5CFAE80093B3B5 /* Project object */;
}
